{
	"name": "@hyperledger/cactus-test-cmd-api-server",
	"version": "0.4.1",
	"lockfileVersion": 1,
	"requires": true,
	"dependencies": {
		"@panva/asn1.js": {
			"version": "1.0.0",
			"resolved": "https://registry.npmjs.org/@panva/asn1.js/-/asn1.js-1.0.0.tgz",
			"integrity": "sha512-UdkG3mLEqXgnlKsWanWcgb6dOjUzJ+XC5f+aWw30qrtjxeNUSfKX1cd5FBzOaXQumoe9nIqeZUvrRJS03HCCtw=="
		},
		"express-jwt-authz": {
			"version": "2.4.1",
			"resolved": "https://registry.npmjs.org/express-jwt-authz/-/express-jwt-authz-2.4.1.tgz",
			"integrity": "sha512-ruH86e2NvWicG9maStztyAyBJV0E8RsInXUm6Kuc/9pDtVJmJw3qigv1MEVs5bH+aksZuxocYZdz+N1V/9F+Dg=="
		},
		"jose": {
			"version": "1.27.2",
			"resolved": "https://registry.npmjs.org/jose/-/jose-1.27.2.tgz",
			"integrity": "sha512-zLIwnMa8dh5A2jFo56KvhiXCaW0hFjdNvG0I5GScL8Wro+/r/SnyIYTbnX3fYztPNSfgQp56sDMHUuS9c3e6bw==",
			"requires": {
				"@panva/asn1.js": "^1.0.0"
			}
		}
	}
}
