{
	"name": "@hyperledger/cactus-common",
	"version": "0.2.0",
	"lockfileVersion": 1,
	"requires": true,
	"dependencies": {
		"@types/bn.js": {
			"version": "4.11.6",
			"resolved": "https://registry.npmjs.org/@types/bn.js/-/bn.js-4.11.6.tgz",
			"integrity": "sha512-pqr857jrp2kPuO9uRjZ3PwnJTjoQy+fcdxvBTvHm6dkmEL9q+hDD/2j/0ELOBPtPnS8LjCX0gI9nbl8lVkadpg==",
			"requires": {
				"@types/node": "*"
			}
		},
		"@types/elliptic": {
			"version": "6.4.12",
			"resolved": "https://registry.npmjs.org/@types/elliptic/-/elliptic-6.4.12.tgz",
			"integrity": "sha512-gP1KsqoouLJGH6IJa28x7PXb3cRqh83X8HCLezd2dF+XcAIMKYv53KV+9Zn6QA561E120uOqZBQ+Jy/cl+fviw==",
			"requires": {
				"@types/bn.js": "*"
			}
		},
		"@types/joi": {
			"version": "14.3.4",
			"resolved": "https://registry.npmjs.org/@types/joi/-/joi-14.3.4.tgz",
			"integrity": "sha512-1TQNDJvIKlgYXGNIABfgFp9y0FziDpuGrd799Q5RcnsDu+krD+eeW/0Fs5PHARvWWFelOhIG2OPCo6KbadBM4A==",
			"dev": true
		},
		"@types/json-stable-stringify": {
			"version": "1.0.32",
			"resolved": "https://registry.npmjs.org/@types/json-stable-stringify/-/json-stable-stringify-1.0.32.tgz",
			"integrity": "sha512-q9Q6+eUEGwQkv4Sbst3J4PNgDOvpuVuKj79Hl/qnmBMEIPzB5QoFRUtjcgcg2xNUZyYUGXBk5wYIBKHt0A+Mxw==",
			"dev": true
		},
		"@types/node": {
			"version": "14.0.24",
			"resolved": "https://registry.npmjs.org/@types/node/-/node-14.0.24.tgz",
			"integrity": "sha512-btt/oNOiDWcSuI721MdL8VQGnjsKjlTMdrKyTcLCKeQp/n4AAMFJ961wMbp+09y8WuGPClDEv07RIItdXKIXAA=="
		},
		"@types/secp256k1": {
			"version": "4.0.1",
			"resolved": "https://registry.npmjs.org/@types/secp256k1/-/secp256k1-4.0.1.tgz",
			"integrity": "sha512-+ZjSA8ELlOp8SlKi0YLB2tz9d5iPNEmOBd+8Rz21wTMdaXQIa9b6TEnD6l5qKOCypE7FSyPyck12qZJxSDNoog==",
			"dev": true,
			"requires": {
				"@types/node": "*"
			}
		},
		"asn1.js": {
			"version": "5.4.1",
			"resolved": "https://registry.npmjs.org/asn1.js/-/asn1.js-5.4.1.tgz",
			"integrity": "sha512-+I//4cYPccV8LdmBLiX8CYvf9Sp3vQsrqu2QNXRcrbiWvcx/UdlFiqUJJzxRQxgsZmvhXhn4cSKeSmoFjVdupA==",
			"requires": {
				"bn.js": "^4.0.0",
				"inherits": "^2.0.1",
				"minimalistic-assert": "^1.0.0",
				"safer-buffer": "^2.1.0"
			}
		},
		"base64-js": {
			"version": "1.3.1",
			"resolved": "https://registry.npmjs.org/base64-js/-/base64-js-1.3.1.tgz",
			"integrity": "sha512-mLQ4i2QO1ytvGWFWmcngKO//JXAQueZvwEKtjgQFM4jIK0kU+ytMfplL8j+n5mspOfjHwoAg+9yhb7BwAHm36g=="
		},
		"bn.js": {
			"version": "4.11.9",
			"resolved": "https://registry.npmjs.org/bn.js/-/bn.js-4.11.9.tgz",
			"integrity": "sha512-E6QoYqCKZfgatHTdHzs1RRKP7ip4vvm+EyRUeE2RF0NblwVvb0p6jSVeNTOFxPn26QXN2o6SMfNxKp6kU8zQaw=="
		},
		"brorand": {
			"version": "1.1.0",
			"resolved": "https://registry.npmjs.org/brorand/-/brorand-1.1.0.tgz",
			"integrity": "sha1-EsJe/kCkXjwyPrhnWgoM5XsiNx8="
		},
		"buffer": {
			"version": "5.6.0",
			"resolved": "https://registry.npmjs.org/buffer/-/buffer-5.6.0.tgz",
			"integrity": "sha512-/gDYp/UtU0eA1ys8bOs9J6a+E/KWIY+DZ+Q2WESNUA0jFRsJOc0SNUO6xJ5SGA1xueg3NL65W6s+NY5l9cunuw==",
			"requires": {
				"base64-js": "^1.0.2",
				"ieee754": "^1.1.4"
			}
		},
		"elliptic": {
			"version": "6.5.3",
			"resolved": "https://registry.npmjs.org/elliptic/-/elliptic-6.5.3.tgz",
			"integrity": "sha512-IMqzv5wNQf+E6aHeIqATs0tOLeOTwj1QKbRcS3jBbYkl5oLAserA8yJTT7/VyHUYG91PRmPyeQDObKLPpeS4dw==",
			"requires": {
				"bn.js": "^4.4.0",
				"brorand": "^1.0.1",
				"hash.js": "^1.0.0",
				"hmac-drbg": "^1.0.0",
				"inherits": "^2.0.1",
				"minimalistic-assert": "^1.0.0",
				"minimalistic-crypto-utils": "^1.0.0"
			}
		},
		"hash.js": {
			"version": "1.1.7",
			"resolved": "https://registry.npmjs.org/hash.js/-/hash.js-1.1.7.tgz",
			"integrity": "sha512-taOaskGt4z4SOANNseOviYDvjEJinIkRgmp7LbKP2YTTmVxWBl87s/uzK9r+44BclBSp2X7K1hqeNfz9JbBeXA==",
			"requires": {
				"inherits": "^2.0.3",
				"minimalistic-assert": "^1.0.1"
			}
		},
		"hmac-drbg": {
			"version": "1.0.1",
			"resolved": "https://registry.npmjs.org/hmac-drbg/-/hmac-drbg-1.0.1.tgz",
			"integrity": "sha1-0nRXAQJabHdabFRXk+1QL8DGSaE=",
			"requires": {
				"hash.js": "^1.0.3",
				"minimalistic-assert": "^1.0.0",
				"minimalistic-crypto-utils": "^1.0.1"
			}
		},
		"hoek": {
			"version": "6.1.3",
			"resolved": "https://registry.npmjs.org/hoek/-/hoek-6.1.3.tgz",
			"integrity": "sha512-YXXAAhmF9zpQbC7LEcREFtXfGq5K1fmd+4PHkBq8NUqmzW3G+Dq10bI/i0KucLRwss3YYFQ0fSfoxBZYiGUqtQ=="
		},
		"ieee754": {
			"version": "1.1.13",
			"resolved": "https://registry.npmjs.org/ieee754/-/ieee754-1.1.13.tgz",
			"integrity": "sha512-4vf7I2LYV/HaWerSo3XmlMkp5eZ83i+/CDluXi/IGTs/O1sejBNhTtnxzmRZfvOUqj7lZjqHkeTvpgSFDlWZTg=="
		},
		"inherits": {
			"version": "2.0.4",
			"resolved": "https://registry.npmjs.org/inherits/-/inherits-2.0.4.tgz",
			"integrity": "sha512-k/vGaX4/Yla3WzyMCvTQOXYeIHvqOKtnqBduzTHpzpQZzAskKMhZ2K+EnBiSM9zGSoIFeMpXKxa4dYeZIQqewQ=="
		},
		"isemail": {
			"version": "3.2.0",
			"resolved": "https://registry.npmjs.org/isemail/-/isemail-3.2.0.tgz",
			"integrity": "sha512-zKqkK+O+dGqevc93KNsbZ/TqTUFd46MwWjYOoMrjIMZ51eU7DtQG3Wmd9SQQT7i7RVnuTPEiYEWHU3MSbxC1Tg==",
			"requires": {
				"punycode": "2.x.x"
			}
		},
		"joi": {
			"version": "14.3.1",
			"resolved": "https://registry.npmjs.org/joi/-/joi-14.3.1.tgz",
			"integrity": "sha512-LQDdM+pkOrpAn4Lp+neNIFV3axv1Vna3j38bisbQhETPMANYRbFJFUyOZcOClYvM/hppMhGWuKSFEK9vjrB+bQ==",
			"requires": {
				"hoek": "6.x.x",
				"isemail": "3.x.x",
				"topo": "3.x.x"
			}
		},
		"json-stable-stringify": {
			"version": "1.0.1",
			"resolved": "https://registry.npmjs.org/json-stable-stringify/-/json-stable-stringify-1.0.1.tgz",
			"integrity": "sha1-mnWdOcXy/1A/1TAGRu1EX4jE+a8=",
			"requires": {
				"jsonify": "~0.0.0"
			}
		},
		"jsonify": {
			"version": "0.0.0",
			"resolved": "https://registry.npmjs.org/jsonify/-/jsonify-0.0.0.tgz",
			"integrity": "sha1-LHS27kHZPKUbe1qu6PUDYx0lKnM="
		},
		"key-encoder": {
			"version": "2.0.3",
			"resolved": "https://registry.npmjs.org/key-encoder/-/key-encoder-2.0.3.tgz",
			"integrity": "sha512-fgBtpAGIr/Fy5/+ZLQZIPPhsZEcbSlYu/Wu96tNDFNSjSACw5lEIOFeaVdQ/iwrb8oxjlWi6wmWdH76hV6GZjg==",
			"requires": {
				"@types/elliptic": "^6.4.9",
				"asn1.js": "^5.0.1",
				"bn.js": "^4.11.8",
				"elliptic": "^6.4.1"
			}
		},
		"loglevel": {
			"version": "1.6.7",
			"resolved": "https://registry.npmjs.org/loglevel/-/loglevel-1.6.7.tgz",
			"integrity": "sha512-cY2eLFrQSAfVPhCgH1s7JI73tMbg9YC3v3+ZHVW67sBS7UxWzNEk/ZBbSfLykBWHp33dqqtOv82gjhKEi81T/A=="
		},
		"loglevel-plugin-prefix": {
			"version": "0.8.4",
			"resolved": "https://registry.npmjs.org/loglevel-plugin-prefix/-/loglevel-plugin-prefix-0.8.4.tgz",
			"integrity": "sha512-WpG9CcFAOjz/FtNht+QJeGpvVl/cdR6P0z6OcXSkr8wFJOsV2GRj2j10JLfjuA4aYkcKCNIEqRGCyTife9R8/g=="
		},
		"minimalistic-assert": {
			"version": "1.0.1",
			"resolved": "https://registry.npmjs.org/minimalistic-assert/-/minimalistic-assert-1.0.1.tgz",
			"integrity": "sha512-UtJcAD4yEaGtjPezWuO9wC4nwUnVH/8/Im3yEHQP4b67cXlD/Qr9hdITCU1xDbSEXg2XKNaP8jsReV7vQd00/A=="
		},
		"minimalistic-crypto-utils": {
			"version": "1.0.1",
			"resolved": "https://registry.npmjs.org/minimalistic-crypto-utils/-/minimalistic-crypto-utils-1.0.1.tgz",
			"integrity": "sha1-9sAMHAsIIkblxNmd+4x8CDsrWCo="
		},
		"node-addon-api": {
			"version": "2.0.2",
			"resolved": "https://registry.npmjs.org/node-addon-api/-/node-addon-api-2.0.2.tgz",
			"integrity": "sha512-Ntyt4AIXyaLIuMHF6IOoTakB3K+RWxwtsHNRxllEoA6vPwP9o4866g6YWDLUdnucilZhmkxiHwHr11gAENw+QA=="
		},
		"node-gyp-build": {
			"version": "4.2.3",
			"resolved": "https://registry.npmjs.org/node-gyp-build/-/node-gyp-build-4.2.3.tgz",
			"integrity": "sha512-MN6ZpzmfNCRM+3t57PTJHgHyw/h4OWnZ6mR8P5j/uZtqQr46RRuDE/P+g3n0YR/AiYXeWixZZzaip77gdICfRg=="
		},
		"openapi-types": {
			"version": "7.0.1",
			"resolved": "https://registry.npmjs.org/openapi-types/-/openapi-types-7.0.1.tgz",
			"integrity": "sha512-6pi4/Fw+JIW1HHda2Ij7LRJ5QJ8f6YzaXnsRA6m44BJz8nLq/j5gVFzPBKJo+uOFhAeHqZC/3uzhTpYPga3Q/A==",
			"dev": true
		},
		"punycode": {
			"version": "2.1.1",
			"resolved": "https://registry.npmjs.org/punycode/-/punycode-2.1.1.tgz",
			"integrity": "sha512-XRsRjdf+j5ml+y/6GKHPZbrF/8p2Yga0JPtdqTIY2Xe5ohJPD9saDJJLPvp9+NSBprVvevdXZybnj2cv8OEd0A=="
		},
		"safer-buffer": {
			"version": "2.1.2",
			"resolved": "https://registry.npmjs.org/safer-buffer/-/safer-buffer-2.1.2.tgz",
			"integrity": "sha512-YZo3K82SD7Riyi0E1EQPojLz7kpepnSQI9IyPbHHg1XXXevb5dJI7tpyN2ADxGcQbHG7vcyRHk0cbwqcQriUtg=="
		},
		"secp256k1": {
			"version": "4.0.2",
			"resolved": "https://registry.npmjs.org/secp256k1/-/secp256k1-4.0.2.tgz",
			"integrity": "sha512-UDar4sKvWAksIlfX3xIaQReADn+WFnHvbVujpcbr+9Sf/69odMwy2MUsz5CKLQgX9nsIyrjuxL2imVyoNHa3fg==",
			"requires": {
				"elliptic": "^6.5.2",
				"node-addon-api": "^2.0.0",
				"node-gyp-build": "^4.2.0"
			}
		},
		"sha3": {
			"version": "2.1.3",
			"resolved": "https://registry.npmjs.org/sha3/-/sha3-2.1.3.tgz",
			"integrity": "sha512-Io53D4o9qOmf3Ow9p/DoGLQiQHhtuR0ulbyambvRSG+OX5yXExk2yYfvjHtb7AtOyk6K6+sPeK/qaowWc/E/GA==",
			"requires": {
				"buffer": "5.6.0"
			}
		},
		"topo": {
			"version": "3.0.3",
			"resolved": "https://registry.npmjs.org/topo/-/topo-3.0.3.tgz",
			"integrity": "sha512-IgpPtvD4kjrJ7CRA3ov2FhWQADwv+Tdqbsf1ZnPUSAtCJ9e1Z44MmoSGDXGk4IppoZA7jd/QRkNddlLJWlUZsQ==",
			"requires": {
				"hoek": "6.x.x"
			}
		},
		"typescript-optional": {
			"version": "2.0.1",
			"resolved": "https://registry.npmjs.org/typescript-optional/-/typescript-optional-2.0.1.tgz",
			"integrity": "sha512-xuwmqsCjE4OeeMKxbNX3jjNcISGzYh5Q9R1rM5OyxEVNIr94CB5llCkfKW+1nZTKbbUV0axN3QAUuX2fus/DhQ=="
		}
	}
}
