{
	"name": "@hyperledger-labs/bif-common",
	"version": "0.2.0",
	"lockfileVersion": 1,
	"requires": true,
	"dependencies": {
		"loglevel": {
			"version": "1.6.7",
			"resolved": "https://registry.npmjs.org/loglevel/-/loglevel-1.6.7.tgz",
			"integrity": "sha512-cY2eLFrQSAfVPhCgH1s7JI73tMbg9YC3v3+ZHVW67sBS7UxWzNEk/ZBbSfLykBWHp33dqqtOv82gjhKEi81T/A=="
		},
		"loglevel-plugin-prefix": {
			"version": "0.8.4",
			"resolved": "https://registry.npmjs.org/loglevel-plugin-prefix/-/loglevel-plugin-prefix-0.8.4.tgz",
			"integrity": "sha512-WpG9CcFAOjz/FtNht+QJeGpvVl/cdR6P0z6OcXSkr8wFJOsV2GRj2j10JLfjuA4aYkcKCNIEqRGCyTife9R8/g=="
		}
	}
}
