{
	"name": "@hyperledger/cactus-core",
	"version": "0.2.0",
	"lockfileVersion": 1,
	"requires": true,
	"dependencies": {
		"@types/body-parser": {
			"version": "1.19.0",
			"resolved": "https://registry.npmjs.org/@types/body-parser/-/body-parser-1.19.0.tgz",
			"integrity": "sha512-W98JrE0j2K78swW4ukqMleo8R7h/pFETjM2DQ90MF6XK2i4LO4W3gQ71Lt4w3bfm2EvVSyWHplECvB5sK22yFQ==",
			"dev": true,
			"requires": {
				"@types/connect": "*",
				"@types/node": "*"
			}
		},
		"@types/connect": {
			"version": "3.4.33",
			"resolved": "https://registry.npmjs.org/@types/connect/-/connect-3.4.33.tgz",
			"integrity": "sha512-2+FrkXY4zllzTNfJth7jOqEHC+enpLeGslEhpnTAkg21GkRrWV4SsAtqchtT4YS9/nODBU2/ZfsBY2X4J/dX7A==",
			"dev": true,
			"requires": {
				"@types/node": "*"
			}
		},
		"@types/express": {
			"version": "4.17.8",
			"resolved": "https://registry.npmjs.org/@types/express/-/express-4.17.8.tgz",
			"integrity": "sha512-wLhcKh3PMlyA2cNAB9sjM1BntnhPMiM0JOBwPBqttjHev2428MLEB4AYVN+d8s2iyCVZac+o41Pflm/ZH5vLXQ==",
			"dev": true,
			"requires": {
				"@types/body-parser": "*",
				"@types/express-serve-static-core": "*",
				"@types/qs": "*",
				"@types/serve-static": "*"
			}
		},
		"@types/express-serve-static-core": {
			"version": "4.17.13",
			"resolved": "https://registry.npmjs.org/@types/express-serve-static-core/-/express-serve-static-core-4.17.13.tgz",
			"integrity": "sha512-RgDi5a4nuzam073lRGKTUIaL3eF2+H7LJvJ8eUnCI0wA6SNjXc44DCmWNiTLs/AZ7QlsFWZiw/gTG3nSQGL0fA==",
			"dev": true,
			"requires": {
				"@types/node": "*",
				"@types/qs": "*",
				"@types/range-parser": "*"
			}
		},
		"@types/mime": {
			"version": "2.0.3",
			"resolved": "https://registry.npmjs.org/@types/mime/-/mime-2.0.3.tgz",
			"integrity": "sha512-Jus9s4CDbqwocc5pOAnh8ShfrnMcPHuJYzVcSUU7lrh8Ni5HuIqX3oilL86p3dlTrk0LzHRCgA/GQ7uNCw6l2Q==",
			"dev": true
		},
		"@types/node": {
			"version": "14.11.8",
			"resolved": "https://registry.npmjs.org/@types/node/-/node-14.11.8.tgz",
			"integrity": "sha512-KPcKqKm5UKDkaYPTuXSx8wEP7vE9GnuaXIZKijwRYcePpZFDVuy2a57LarFKiORbHOuTOOwYzxVxcUzsh2P2Pw==",
			"dev": true
		},
		"@types/qs": {
			"version": "6.9.5",
			"resolved": "https://registry.npmjs.org/@types/qs/-/qs-6.9.5.tgz",
			"integrity": "sha512-/JHkVHtx/REVG0VVToGRGH2+23hsYLHdyG+GrvoUGlGAd0ErauXDyvHtRI/7H7mzLm+tBCKA7pfcpkQ1lf58iQ==",
			"dev": true
		},
		"@types/range-parser": {
			"version": "1.2.3",
			"resolved": "https://registry.npmjs.org/@types/range-parser/-/range-parser-1.2.3.tgz",
			"integrity": "sha512-ewFXqrQHlFsgc09MK5jP5iR7vumV/BYayNC6PgJO2LPe8vrnNFyjQjSppfEngITi0qvfKtzFvgKymGheFM9UOA==",
			"dev": true
		},
		"@types/serve-static": {
			"version": "1.13.5",
			"resolved": "https://registry.npmjs.org/@types/serve-static/-/serve-static-1.13.5.tgz",
			"integrity": "sha512-6M64P58N+OXjU432WoLLBQxbA0LRGBCRm7aAGQJ+SMC1IMl0dgRVi9EFfoDcS2a7Xogygk/eGN94CfwU9UF7UQ==",
			"dev": true,
			"requires": {
				"@types/express-serve-static-core": "*",
				"@types/mime": "*"
			}
		},
		"typescript-optional": {
			"version": "2.0.1",
			"resolved": "https://registry.npmjs.org/typescript-optional/-/typescript-optional-2.0.1.tgz",
			"integrity": "sha512-xuwmqsCjE4OeeMKxbNX3jjNcISGzYh5Q9R1rM5OyxEVNIr94CB5llCkfKW+1nZTKbbUV0axN3QAUuX2fus/DhQ=="
		}
	}
}
