# THIS IS AN AUTOGENERATED FILE. DO NOT EDIT THIS FILE DIRECTLY.
# yarn lockfile v1


"@hyperledger/cactus-example-supply-chain-backend@file:../cactus-example-supply-chain-backend":
  "resolved" "file:../cactus-example-supply-chain-backend"
  "version" "1.0.0-rc.3"
  dependencies:
    "@hyperledger/cactus-api-client" "1.0.0-rc.3"
    "@hyperledger/cactus-cmd-api-server" "1.0.0-rc.3"
    "@hyperledger/cactus-common" "1.0.0-rc.3"
    "@hyperledger/cactus-core" "1.0.0-rc.3"
    "@hyperledger/cactus-core-api" "1.0.0-rc.3"
    "@hyperledger/cactus-example-supply-chain-business-logic-plugin" "1.0.0-rc.3"
    "@hyperledger/cactus-example-supply-chain-frontend" "1.0.0-rc.3"
    "@hyperledger/cactus-plugin-consortium-manual" "1.0.0-rc.3"
    "@hyperledger/cactus-plugin-keychain-memory" "1.0.0-rc.3"
    "@hyperledger/cactus-plugin-ledger-connector-besu" "1.0.0-rc.3"
    "@hyperledger/cactus-plugin-ledger-connector-fabric" "1.0.0-rc.3"
    "@hyperledger/cactus-plugin-ledger-connector-quorum" "1.0.0-rc.3"
    "@hyperledger/cactus-test-tooling" "1.0.0-rc.3"
    "async-exit-hook" "2.0.1"
    "axios" "0.21.4"
    "express" "4.17.1"
    "fabric-network" "2.2.10"
    "jose" "4.1.0"
    "openapi-types" "9.1.0"
    "solc" "0.8.6"
    "typescript-optional" "2.0.1"
    "uuid" "8.3.2"
    "web3-core" "1.5.2"

"@hyperledger/cactus-example-supply-chain-frontend@file:../cactus-example-supply-chain-frontend":
  "resolved" "file:../cactus-example-supply-chain-frontend"
  "version" "1.0.0-rc.3"
  dependencies:
    "@angular/common" "12.2.0"
    "@angular/core" "12.2.0"
    "@angular/forms" "12.2.0"
    "@angular/platform-browser" "12.2.0"
    "@angular/platform-browser-dynamic" "12.2.0"
    "@angular/router" "12.2.0"
    "@hyperledger/cactus-api-client" "1.0.0-rc.3"
    "@hyperledger/cactus-common" "1.0.0-rc.3"
    "@hyperledger/cactus-core-api" "1.0.0-rc.3"
    "@hyperledger/cactus-example-supply-chain-business-logic-plugin" "1.0.0-rc.3"
    "@hyperledger/cactus-plugin-consortium-manual" "1.0.0-rc.3"
    "@hyperledger/cactus-plugin-ledger-connector-besu" "1.0.0-rc.3"
    "@hyperledger/cactus-plugin-ledger-connector-fabric" "1.0.0-rc.3"
    "@hyperledger/cactus-plugin-ledger-connector-quorum" "1.0.0-rc.3"
    "@ionic-native/core" "5.35.0"
    "@ionic-native/splash-screen" "5.35.0"
    "@ionic-native/status-bar" "5.35.0"
    "@ionic/angular" "5.6.13"
    "rxjs" "7.3.0"
    "tslib" "2.3.0"
    "zone.js" "0.11.4"

"dotenv@8.2.0":
  "integrity" "sha512-8sJ78ElpbDJBHNeBzUbUVLsqKdccaa/BXF1uPTw3GrvQTBgrQrtObr2mUrE38vzYd8cEv+m/JBfDLioYcfXoaw=="
  "resolved" "https://registry.npmjs.org/dotenv/-/dotenv-8.2.0.tgz"
  "version" "8.2.0"

"yarn@^1.22.17":
  "integrity" "sha512-H0p241BXaH0UN9IeH//RT82tl5PfNraVpSpEoW+ET7lmopNC61eZ+A+IDvU8FM6Go5vx162SncDL8J1ZjRBriQ=="
  "resolved" "https://registry.npmjs.org/yarn/-/yarn-1.22.17.tgz"
  "version" "1.22.17"
